
Microsoft Visual Studio Solution File, Format Version 12.00
# Visual Studio Version 16
VisualStudioVersion = 25.0.1704.2
MinimumVisualStudioVersion = 10.0.40219.1
Project("{FAE04EC0-301F-11D3-BF4B-00C04F79EFBC}") = "anotherMVCApp", "anotherMVCApp\anotherMVCApp.csproj", "{190D971E-970C-4A3E-8FF7-BF5EB9B89242}"
EndProject
Global
	GlobalSection(SolutionConfigurationPlatforms) = preSolution
		Debug|Any CPU = Debug|Any CPU
		Release|Any CPU = Release|Any CPU
	EndGlobalSection
	GlobalSection(ProjectConfigurationPlatforms) = postSolution
		{190D971E-970C-4A3E-8FF7-BF5EB9B89242}.Debug|Any CPU.ActiveCfg = Debug|Any CPU
		{190D971E-970C-4A3E-8FF7-BF5EB9B89242}.Debug|Any CPU.Build.0 = Debug|Any CPU
		{190D971E-970C-4A3E-8FF7-BF5EB9B89242}.Release|Any CPU.ActiveCfg = Release|Any CPU
		{190D971E-970C-4A3E-8FF7-BF5EB9B89242}.Release|Any CPU.Build.0 = Release|Any CPU
	EndGlobalSection
	GlobalSection(SolutionProperties) = preSolution
		HideSolutionNode = FALSE
	EndGlobalSection
	GlobalSection(ExtensibilityGlobals) = postSolution
		SolutionGuid = {A1B2B423-5F71-4B4A-BE21-45E9362C46FE}
	EndGlobalSection
EndGlobal
